// !$*UTF8*$!
{
	archiveVersion = 1;
	classes = {
	};
	objectVersion = 63;
	objects = {

/* Begin PBXBuildFile section */
		44416C342C3AAF5900BCF49B /* VoxelLogin in Frameworks */ = {isa = PBXBuildFile; productRef = 44416C332C3AAF5900BCF49B /* VoxelLogin */; };
		44416C382C3AEC1E00BCF49B /* IBMPlexSerif-Bold.ttf in Resources */ = {isa = PBXBuildFile; fileRef = 44416C372C3AEC1E00BCF49B /* IBMPlexSerif-Bold.ttf */; };
		4442B6A32C4C15F50022C0CB /* VoxelCore in Frameworks */ = {isa = PBXBuildFile; productRef = 4442B6A22C4C15F50022C0CB /* VoxelCore */; };
		4442B6A72C4D84DA0022C0CB /* TabBarController.swift in Sources */ = {isa = PBXBuildFile; fileRef = 4442B6A62C4D84DA0022C0CB /* TabBarController.swift */; };
		4442B6A92C4D8CA80022C0CB /* Tab.swift in Sources */ = {isa = PBXBuildFile; fileRef = 4442B6A82C4D8CA80022C0CB /* Tab.swift */; };
		4442B6B02C4E87950022C0CB /* VoxelSettings in Frameworks */ = {isa = PBXBuildFile; productRef = 4442B6AF2C4E87950022C0CB /* VoxelSettings */; };
		444D319C2C3AFB9D00FB5188 /* IBMPlexSans-Regular.ttf in Resources */ = {isa = PBXBuildFile; fileRef = 444D319B2C3AFB9C00FB5188 /* IBMPlexSans-Regular.ttf */; };
		446ACD792C387D82009F6426 /* AppDelegate.swift in Sources */ = {isa = PBXBuildFile; fileRef = 446ACD782C387D82009F6426 /* AppDelegate.swift */; };
		446ACD7B2C387D82009F6426 /* SceneDelegate.swift in Sources */ = {isa = PBXBuildFile; fileRef = 446ACD7A2C387D82009F6426 /* SceneDelegate.swift */; };
		446ACD822C387D87009F6426 /* Assets.xcassets in Resources */ = {isa = PBXBuildFile; fileRef = 446ACD812C387D87009F6426 /* Assets.xcassets */; };
		446ACD852C387D87009F6426 /* Base in Resources */ = {isa = PBXBuildFile; fileRef = 446ACD842C387D87009F6426 /* Base */; };
		44C441FD2C3B30AD008ED9F8 /* IBMPlexSans-SemiBold.ttf in Resources */ = {isa = PBXBuildFile; fileRef = 44C441FC2C3B30AD008ED9F8 /* IBMPlexSans-SemiBold.ttf */; };
		44C442152C419DB0008ED9F8 /* DesignSystem in Frameworks */ = {isa = PBXBuildFile; productRef = 44C442142C419DB0008ED9F8 /* DesignSystem */; };
		44C4421B2C443851008ED9F8 /* GoogleService-Info.plist in Resources */ = {isa = PBXBuildFile; fileRef = 44C4421A2C443851008ED9F8 /* GoogleService-Info.plist */; };
		44C442202C443EE2008ED9F8 /* FirebaseAuth in Frameworks */ = {isa = PBXBuildFile; productRef = 44C4421F2C443EE2008ED9F8 /* FirebaseAuth */; };
/* End PBXBuildFile section */

/* Begin PBXFileReference section */
		44416C372C3AEC1E00BCF49B /* IBMPlexSerif-Bold.ttf */ = {isa = PBXFileReference; lastKnownFileType = file; path = "IBMPlexSerif-Bold.ttf"; sourceTree = "<group>"; };
		4442B6A62C4D84DA0022C0CB /* TabBarController.swift */ = {isa = PBXFileReference; lastKnownFileType = sourcecode.swift; path = TabBarController.swift; sourceTree = "<group>"; };
		4442B6A82C4D8CA80022C0CB /* Tab.swift */ = {isa = PBXFileReference; lastKnownFileType = sourcecode.swift; path = Tab.swift; sourceTree = "<group>"; };
		444D319B2C3AFB9C00FB5188 /* IBMPlexSans-Regular.ttf */ = {isa = PBXFileReference; lastKnownFileType = file; path = "IBMPlexSans-Regular.ttf"; sourceTree = "<group>"; };
		446ACD752C387D82009F6426 /* Voxel.app */ = {isa = PBXFileReference; explicitFileType = wrapper.application; includeInIndex = 0; path = Voxel.app; sourceTree = BUILT_PRODUCTS_DIR; };
		446ACD782C387D82009F6426 /* AppDelegate.swift */ = {isa = PBXFileReference; lastKnownFileType = sourcecode.swift; path = AppDelegate.swift; sourceTree = "<group>"; };
		446ACD7A2C387D82009F6426 /* SceneDelegate.swift */ = {isa = PBXFileReference; lastKnownFileType = sourcecode.swift; path = SceneDelegate.swift; sourceTree = "<group>"; };
		446ACD812C387D87009F6426 /* Assets.xcassets */ = {isa = PBXFileReference; lastKnownFileType = folder.assetcatalog; path = Assets.xcassets; sourceTree = "<group>"; };
		446ACD842C387D87009F6426 /* Base */ = {isa = PBXFileReference; lastKnownFileType = file.storyboard; name = Base; path = Base.lproj/LaunchScreen.storyboard; sourceTree = "<group>"; };
		446ACD862C387D87009F6426 /* Info.plist */ = {isa = PBXFileReference; lastKnownFileType = text.plist.xml; path = Info.plist; sourceTree = "<group>"; };
		446ACD8D2C387EE7009F6426 /* Modules */ = {isa = PBXFileReference; lastKnownFileType = wrapper; path = Modules; sourceTree = "<group>"; };
		44C441FC2C3B30AD008ED9F8 /* IBMPlexSans-SemiBold.ttf */ = {isa = PBXFileReference; lastKnownFileType = file; path = "IBMPlexSans-SemiBold.ttf"; sourceTree = "<group>"; };
		44C4421A2C443851008ED9F8 /* GoogleService-Info.plist */ = {isa = PBXFileReference; fileEncoding = 4; lastKnownFileType = text.plist.xml; path = "GoogleService-Info.plist"; sourceTree = "<group>"; };
/* End PBXFileReference section */

/* Begin PBXFrameworksBuildPhase section */
		446ACD722C387D82009F6426 /* Frameworks */ = {
			isa = PBXFrameworksBuildPhase;
			buildActionMask = 2147483647;
			files = (
				4442B6A32C4C15F50022C0CB /* VoxelCore in Frameworks */,
				4442B6B02C4E87950022C0CB /* VoxelSettings in Frameworks */,
				44416C342C3AAF5900BCF49B /* VoxelLogin in Frameworks */,
				44C442202C443EE2008ED9F8 /* FirebaseAuth in Frameworks */,
				44C442152C419DB0008ED9F8 /* DesignSystem in Frameworks */,
			);
			runOnlyForDeploymentPostprocessing = 0;
		};
/* End PBXFrameworksBuildPhase section */

/* Begin PBXGroup section */
		44416C322C3AAF5900BCF49B /* Frameworks */ = {
			isa = PBXGroup;
			children = (
			);
			name = Frameworks;
			sourceTree = "<group>";
		};
		44416C352C3AE91E00BCF49B /* Resources */ = {
			isa = PBXGroup;
			children = (
				44416C362C3AEA6900BCF49B /* Fonts */,
				446ACD812C387D87009F6426 /* Assets.xcassets */,
			);
			path = Resources;
			sourceTree = "<group>";
		};
		44416C362C3AEA6900BCF49B /* Fonts */ = {
			isa = PBXGroup;
			children = (
				44C441FC2C3B30AD008ED9F8 /* IBMPlexSans-SemiBold.ttf */,
				44416C372C3AEC1E00BCF49B /* IBMPlexSerif-Bold.ttf */,
				444D319B2C3AFB9C00FB5188 /* IBMPlexSans-Regular.ttf */,
			);
			path = Fonts;
			sourceTree = "<group>";
		};
		4442B6AE2C4E875E0022C0CB /* Tab */ = {
			isa = PBXGroup;
			children = (
				4442B6A62C4D84DA0022C0CB /* TabBarController.swift */,
				4442B6A82C4D8CA80022C0CB /* Tab.swift */,
			);
			path = Tab;
			sourceTree = "<group>";
		};
		446ACD6C2C387D82009F6426 = {
			isa = PBXGroup;
			children = (
				446ACD8D2C387EE7009F6426 /* Modules */,
				446ACD772C387D82009F6426 /* Voxel */,
				446ACD762C387D82009F6426 /* Products */,
				44416C322C3AAF5900BCF49B /* Frameworks */,
			);
			sourceTree = "<group>";
		};
		446ACD762C387D82009F6426 /* Products */ = {
			isa = PBXGroup;
			children = (
				446ACD752C387D82009F6426 /* Voxel.app */,
			);
			name = Products;
			sourceTree = "<group>";
		};
		446ACD772C387D82009F6426 /* Voxel */ = {
			isa = PBXGroup;
			children = (
				4442B6AE2C4E875E0022C0CB /* Tab */,
				44416C352C3AE91E00BCF49B /* Resources */,
				446ACD782C387D82009F6426 /* AppDelegate.swift */,
				446ACD7A2C387D82009F6426 /* SceneDelegate.swift */,
				446ACD832C387D87009F6426 /* LaunchScreen.storyboard */,
				44C4421A2C443851008ED9F8 /* GoogleService-Info.plist */,
				446ACD862C387D87009F6426 /* Info.plist */,
			);
			path = Voxel;
			sourceTree = "<group>";
		};
/* End PBXGroup section */

/* Begin PBXNativeTarget section */
		446ACD742C387D82009F6426 /* Voxel */ = {
			isa = PBXNativeTarget;
			buildConfigurationList = 446ACD892C387D87009F6426 /* Build configuration list for PBXNativeTarget "Voxel" */;
			buildPhases = (
				446ACD712C387D82009F6426 /* Sources */,
				446ACD722C387D82009F6426 /* Frameworks */,
				446ACD732C387D82009F6426 /* Resources */,
			);
			buildRules = (
			);
			dependencies = (
			);
			name = Voxel;
			packageProductDependencies = (
				44416C332C3AAF5900BCF49B /* VoxelLogin */,
				44C442142C419DB0008ED9F8 /* DesignSystem */,
				44C4421F2C443EE2008ED9F8 /* FirebaseAuth */,
				4442B6A22C4C15F50022C0CB /* VoxelCore */,
				4442B6AF2C4E87950022C0CB /* VoxelSettings */,
			);
			productName = Voxel;
			productReference = 446ACD752C387D82009F6426 /* Voxel.app */;
			productType = "com.apple.product-type.application";
		};
/* End PBXNativeTarget section */

/* Begin PBXProject section */
		446ACD6D2C387D82009F6426 /* Project object */ = {
			isa = PBXProject;
			attributes = {
				BuildIndependentTargetsInParallel = 1;
				LastSwiftUpdateCheck = 1540;
				LastUpgradeCheck = 1540;
				TargetAttributes = {
					446ACD742C387D82009F6426 = {
						CreatedOnToolsVersion = 15.4;
					};
				};
			};
			buildConfigurationList = 446ACD702C387D82009F6426 /* Build configuration list for PBXProject "Voxel" */;
			compatibilityVersion = "Xcode 15.3";
			developmentRegion = en;
			hasScannedForEncodings = 0;
			knownRegions = (
				en,
				Base,
			);
			mainGroup = 446ACD6C2C387D82009F6426;
			packageReferences = (
				44C4421C2C443C84008ED9F8 /* XCRemoteSwiftPackageReference "firebase-ios-sdk" */,
			);
			productRefGroup = 446ACD762C387D82009F6426 /* Products */;
			projectDirPath = "";
			projectRoot = "";
			targets = (
				446ACD742C387D82009F6426 /* Voxel */,
			);
		};
/* End PBXProject section */

/* Begin PBXResourcesBuildPhase section */
		446ACD732C387D82009F6426 /* Resources */ = {
			isa = PBXResourcesBuildPhase;
			buildActionMask = 2147483647;
			files = (
				444D319C2C3AFB9D00FB5188 /* IBMPlexSans-Regular.ttf in Resources */,
				446ACD822C387D87009F6426 /* Assets.xcassets in Resources */,
				44C441FD2C3B30AD008ED9F8 /* IBMPlexSans-SemiBold.ttf in Resources */,
				44416C382C3AEC1E00BCF49B /* IBMPlexSerif-Bold.ttf in Resources */,
				446ACD852C387D87009F6426 /* Base in Resources */,
				44C4421B2C443851008ED9F8 /* GoogleService-Info.plist in Resources */,
			);
			runOnlyForDeploymentPostprocessing = 0;
		};
/* End PBXResourcesBuildPhase section */

/* Begin PBXSourcesBuildPhase section */
		446ACD712C387D82009F6426 /* Sources */ = {
			isa = PBXSourcesBuildPhase;
			buildActionMask = 2147483647;
			files = (
				4442B6A72C4D84DA0022C0CB /* TabBarController.swift in Sources */,
				446ACD792C387D82009F6426 /* AppDelegate.swift in Sources */,
				446ACD7B2C387D82009F6426 /* SceneDelegate.swift in Sources */,
				4442B6A92C4D8CA80022C0CB /* Tab.swift in Sources */,
			);
			runOnlyForDeploymentPostprocessing = 0;
		};
/* End PBXSourcesBuildPhase section */

/* Begin PBXVariantGroup section */
		446ACD832C387D87009F6426 /* LaunchScreen.storyboard */ = {
			isa = PBXVariantGroup;
			children = (
				446ACD842C387D87009F6426 /* Base */,
			);
			name = LaunchScreen.storyboard;
			sourceTree = "<group>";
		};
/* End PBXVariantGroup section */

/* Begin XCBuildConfiguration section */
		446ACD872C387D87009F6426 /* Debug */ = {
			isa = XCBuildConfiguration;
			buildSettings = {
				ALWAYS_SEARCH_USER_PATHS = NO;
				ASSETCATALOG_COMPILER_GENERATE_SWIFT_ASSET_SYMBOL_EXTENSIONS = YES;
				CLANG_ANALYZER_NONNULL = YES;
				CLANG_ANALYZER_NUMBER_OBJECT_CONVERSION = YES_AGGRESSIVE;
				CLANG_CXX_LANGUAGE_STANDARD = "gnu++20";
				CLANG_ENABLE_MODULES = YES;
				CLANG_ENABLE_OBJC_ARC = YES;
				CLANG_ENABLE_OBJC_WEAK = YES;
				CLANG_WARN_BLOCK_CAPTURE_AUTORELEASING = YES;
				CLANG_WARN_BOOL_CONVERSION = YES;
				CLANG_WARN_COMMA = YES;
				CLANG_WARN_CONSTANT_CONVERSION = YES;
				CLANG_WARN_DEPRECATED_OBJC_IMPLEMENTATIONS = YES;
				CLANG_WARN_DIRECT_OBJC_ISA_USAGE = YES_ERROR;
				CLANG_WARN_DOCUMENTATION_COMMENTS = YES;
				CLANG_WARN_EMPTY_BODY = YES;
				CLANG_WARN_ENUM_CONVERSION = YES;
				CLANG_WARN_INFINITE_RECURSION = YES;
				CLANG_WARN_INT_CONVERSION = YES;
				CLANG_WARN_NON_LITERAL_NULL_CONVERSION = YES;
				CLANG_WARN_OBJC_IMPLICIT_RETAIN_SELF = YES;
				CLANG_WARN_OBJC_LITERAL_CONVERSION = YES;
				CLANG_WARN_OBJC_ROOT_CLASS = YES_ERROR;
				CLANG_WARN_QUOTED_INCLUDE_IN_FRAMEWORK_HEADER = YES;
				CLANG_WARN_RANGE_LOOP_ANALYSIS = YES;
				CLANG_WARN_STRICT_PROTOTYPES = YES;
				CLANG_WARN_SUSPICIOUS_MOVE = YES;
				CLANG_WARN_UNGUARDED_AVAILABILITY = YES_AGGRESSIVE;
				CLANG_WARN_UNREACHABLE_CODE = YES;
				CLANG_WARN__DUPLICATE_METHOD_MATCH = YES;
				COPY_PHASE_STRIP = NO;
				DEBUG_INFORMATION_FORMAT = dwarf;
				ENABLE_STRICT_OBJC_MSGSEND = YES;
				ENABLE_TESTABILITY = YES;
				ENABLE_USER_SCRIPT_SANDBOXING = YES;
				GCC_C_LANGUAGE_STANDARD = gnu17;
				GCC_DYNAMIC_NO_PIC = NO;
				GCC_NO_COMMON_BLOCKS = YES;
				GCC_OPTIMIZATION_LEVEL = 0;
				GCC_PREPROCESSOR_DEFINITIONS = (
					"DEBUG=1",
					"$(inherited)",
				);
				GCC_WARN_64_TO_32_BIT_CONVERSION = YES;
				GCC_WARN_ABOUT_RETURN_TYPE = YES_ERROR;
				GCC_WARN_UNDECLARED_SELECTOR = YES;
				GCC_WARN_UNINITIALIZED_AUTOS = YES_AGGRESSIVE;
				GCC_WARN_UNUSED_FUNCTION = YES;
				GCC_WARN_UNUSED_VARIABLE = YES;
				IPHONEOS_DEPLOYMENT_TARGET = 17.5;
				LOCALIZATION_PREFERS_STRING_CATALOGS = YES;
				MTL_ENABLE_DEBUG_INFO = INCLUDE_SOURCE;
				MTL_FAST_MATH = YES;
				ONLY_ACTIVE_ARCH = YES;
				SDKROOT = iphoneos;
				SWIFT_ACTIVE_COMPILATION_CONDITIONS = "DEBUG $(inherited)";
				SWIFT_OPTIMIZATION_LEVEL = "-Onone";
			};
			name = Debug;
		};
		446ACD882C387D87009F6426 /* Release */ = {
			isa = XCBuildConfiguration;
			buildSettings = {
				ALWAYS_SEARCH_USER_PATHS = NO;
				ASSETCATALOG_COMPILER_GENERATE_SWIFT_ASSET_SYMBOL_EXTENSIONS = YES;
				CLANG_ANALYZER_NONNULL = YES;
				CLANG_ANALYZER_NUMBER_OBJECT_CONVERSION = YES_AGGRESSIVE;
				CLANG_CXX_LANGUAGE_STANDARD = "gnu++20";
				CLANG_ENABLE_MODULES = YES;
				CLANG_ENABLE_OBJC_ARC = YES;
				CLANG_ENABLE_OBJC_WEAK = YES;
				CLANG_WARN_BLOCK_CAPTURE_AUTORELEASING = YES;
				CLANG_WARN_BOOL_CONVERSION = YES;
				CLANG_WARN_COMMA = YES;
				CLANG_WARN_CONSTANT_CONVERSION = YES;
				CLANG_WARN_DEPRECATED_OBJC_IMPLEMENTATIONS = YES;
				CLANG_WARN_DIRECT_OBJC_ISA_USAGE = YES_ERROR;
				CLANG_WARN_DOCUMENTATION_COMMENTS = YES;
				CLANG_WARN_EMPTY_BODY = YES;
				CLANG_WARN_ENUM_CONVERSION = YES;
				CLANG_WARN_INFINITE_RECURSION = YES;
				CLANG_WARN_INT_CONVERSION = YES;
				CLANG_WARN_NON_LITERAL_NULL_CONVERSION = YES;
				CLANG_WARN_OBJC_IMPLICIT_RETAIN_SELF = YES;
				CLANG_WARN_OBJC_LITERAL_CONVERSION = YES;
				CLANG_WARN_OBJC_ROOT_CLASS = YES_ERROR;
				CLANG_WARN_QUOTED_INCLUDE_IN_FRAMEWORK_HEADER = YES;
				CLANG_WARN_RANGE_LOOP_ANALYSIS = YES;
				CLANG_WARN_STRICT_PROTOTYPES = YES;
				CLANG_WARN_SUSPICIOUS_MOVE = YES;
				CLANG_WARN_UNGUARDED_AVAILABILITY = YES_AGGRESSIVE;
				CLANG_WARN_UNREACHABLE_CODE = YES;
				CLANG_WARN__DUPLICATE_METHOD_MATCH = YES;
				COPY_PHASE_STRIP = NO;
				DEBUG_INFORMATION_FORMAT = "dwarf-with-dsym";
				ENABLE_NS_ASSERTIONS = NO;
				ENABLE_STRICT_OBJC_MSGSEND = YES;
				ENABLE_USER_SCRIPT_SANDBOXING = YES;
				GCC_C_LANGUAGE_STANDARD = gnu17;
				GCC_NO_COMMON_BLOCKS = YES;
				GCC_WARN_64_TO_32_BIT_CONVERSION = YES;
				GCC_WARN_ABOUT_RETURN_TYPE = YES_ERROR;
				GCC_WARN_UNDECLARED_SELECTOR = YES;
				GCC_WARN_UNINITIALIZED_AUTOS = YES_AGGRESSIVE;
				GCC_WARN_UNUSED_FUNCTION = YES;
				GCC_WARN_UNUSED_VARIABLE = YES;
				IPHONEOS_DEPLOYMENT_TARGET = 17.5;
				LOCALIZATION_PREFERS_STRING_CATALOGS = YES;
				MTL_ENABLE_DEBUG_INFO = NO;
				MTL_FAST_MATH = YES;
				SDKROOT = iphoneos;
				SWIFT_COMPILATION_MODE = wholemodule;
				VALIDATE_PRODUCT = YES;
			};
			name = Release;
		};
		446ACD8A2C387D87009F6426 /* Debug */ = {
			isa = XCBuildConfiguration;
			buildSettings = {
				ASSETCATALOG_COMPILER_APPICON_NAME = AppIcon;
				ASSETCATALOG_COMPILER_GLOBAL_ACCENT_COLOR_NAME = AccentColor;
				CODE_SIGN_STYLE = Automatic;
				CURRENT_PROJECT_VERSION = 1;
				GENERATE_INFOPLIST_FILE = YES;
				INFOPLIST_FILE = Voxel/Info.plist;
				INFOPLIST_KEY_UIApplicationSupportsIndirectInputEvents = YES;
				INFOPLIST_KEY_UILaunchStoryboardName = LaunchScreen;
				INFOPLIST_KEY_UIStatusBarStyle = "";
				INFOPLIST_KEY_UISupportedInterfaceOrientations_iPad = "UIInterfaceOrientationPortrait UIInterfaceOrientationPortraitUpsideDown UIInterfaceOrientationLandscapeLeft UIInterfaceOrientationLandscapeRight";
				INFOPLIST_KEY_UISupportedInterfaceOrientations_iPhone = "UIInterfaceOrientationPortrait UIInterfaceOrientationLandscapeLeft UIInterfaceOrientationLandscapeRight";
				IPHONEOS_DEPLOYMENT_TARGET = 17.5;
				LD_RUNPATH_SEARCH_PATHS = (
					"$(inherited)",
					"@executable_path/Frameworks",
				);
				MARKETING_VERSION = 1.0;
				PRODUCT_BUNDLE_IDENTIFIER = Eugene.Voxel;
				PRODUCT_NAME = "$(TARGET_NAME)";
				SWIFT_EMIT_LOC_STRINGS = YES;
				SWIFT_VERSION = 5.0;
				TARGETED_DEVICE_FAMILY = "1,2";
			};
			name = Debug;
		};
		446ACD8B2C387D87009F6426 /* Release */ = {
			isa = XCBuildConfiguration;
			buildSettings = {
				ASSETCATALOG_COMPILER_APPICON_NAME = AppIcon;
				ASSETCATALOG_COMPILER_GLOBAL_ACCENT_COLOR_NAME = AccentColor;
				CODE_SIGN_STYLE = Automatic;
				CURRENT_PROJECT_VERSION = 1;
				GENERATE_INFOPLIST_FILE = YES;
				INFOPLIST_FILE = Voxel/Info.plist;
				INFOPLIST_KEY_UIApplicationSupportsIndirectInputEvents = YES;
				INFOPLIST_KEY_UILaunchStoryboardName = LaunchScreen;
				INFOPLIST_KEY_UIStatusBarStyle = "";
				INFOPLIST_KEY_UISupportedInterfaceOrientations_iPad = "UIInterfaceOrientationPortrait UIInterfaceOrientationPortraitUpsideDown UIInterfaceOrientationLandscapeLeft UIInterfaceOrientationLandscapeRight";
				INFOPLIST_KEY_UISupportedInterfaceOrientations_iPhone = "UIInterfaceOrientationPortrait UIInterfaceOrientationLandscapeLeft UIInterfaceOrientationLandscapeRight";
				IPHONEOS_DEPLOYMENT_TARGET = 17.5;
				LD_RUNPATH_SEARCH_PATHS = (
					"$(inherited)",
					"@executable_path/Frameworks",
				);
				MARKETING_VERSION = 1.0;
				PRODUCT_BUNDLE_IDENTIFIER = Eugene.Voxel;
				PRODUCT_NAME = "$(TARGET_NAME)";
				SWIFT_EMIT_LOC_STRINGS = YES;
				SWIFT_VERSION = 5.0;
				TARGETED_DEVICE_FAMILY = "1,2";
			};
			name = Release;
		};
/* End XCBuildConfiguration section */

/* Begin XCConfigurationList section */
		446ACD702C387D82009F6426 /* Build configuration list for PBXProject "Voxel" */ = {
			isa = XCConfigurationList;
			buildConfigurations = (
				446ACD872C387D87009F6426 /* Debug */,
				446ACD882C387D87009F6426 /* Release */,
			);
			defaultConfigurationIsVisible = 0;
			defaultConfigurationName = Release;
		};
		446ACD892C387D87009F6426 /* Build configuration list for PBXNativeTarget "Voxel" */ = {
			isa = XCConfigurationList;
			buildConfigurations = (
				446ACD8A2C387D87009F6426 /* Debug */,
				446ACD8B2C387D87009F6426 /* Release */,
			);
			defaultConfigurationIsVisible = 0;
			defaultConfigurationName = Release;
		};
/* End XCConfigurationList section */

/* Begin XCRemoteSwiftPackageReference section */
		44C4421C2C443C84008ED9F8 /* XCRemoteSwiftPackageReference "firebase-ios-sdk" */ = {
			isa = XCRemoteSwiftPackageReference;
			repositoryURL = "https://github.com/firebase/firebase-ios-sdk";
			requirement = {
				kind = exactVersion;
				version = 10.29.0;
			};
		};
/* End XCRemoteSwiftPackageReference section */

/* Begin XCSwiftPackageProductDependency section */
		44416C332C3AAF5900BCF49B /* VoxelLogin */ = {
			isa = XCSwiftPackageProductDependency;
			productName = VoxelLogin;
		};
		4442B6A22C4C15F50022C0CB /* VoxelCore */ = {
			isa = XCSwiftPackageProductDependency;
			productName = VoxelCore;
		};
		4442B6AF2C4E87950022C0CB /* VoxelSettings */ = {
			isa = XCSwiftPackageProductDependency;
			productName = VoxelSettings;
		};
		44C442142C419DB0008ED9F8 /* DesignSystem */ = {
			isa = XCSwiftPackageProductDependency;
			productName = DesignSystem;
		};
		44C4421F2C443EE2008ED9F8 /* FirebaseAuth */ = {
			isa = XCSwiftPackageProductDependency;
			package = 44C4421C2C443C84008ED9F8 /* XCRemoteSwiftPackageReference "firebase-ios-sdk" */;
			productName = FirebaseAuth;
		};
/* End XCSwiftPackageProductDependency section */
	};
	rootObject = 446ACD6D2C387D82009F6426 /* Project object */;
}
